
Microsoft Visual Studio Solution File, Format Version 11.00
# Visual C# Express 2010
Project("{FAE04EC0-301F-11D3-BF4B-00C04F79EFBC}") = "ProjectFenixDown", "ProjectFenixDown\ProjectFenixDown\ProjectFenixDown.csproj", "{619C785A-BA6A-44CF-ACCD-65840E6F179D}"
EndProject
Project("{96E2B04D-8817-42C6-938A-82C39BA4D311}") = "ProjectFenixDownContent", "ProjectFenixDown\ProjectFenixDownContent\ProjectFenixDownContent.contentproj", "{EB608CFC-792A-4692-A622-FC803BDEECC8}"
EndProject
Global
	GlobalSection(SolutionConfigurationPlatforms) = preSolution
		Debug|x86 = Debug|x86
		Release|x86 = Release|x86
	EndGlobalSection
	GlobalSection(ProjectConfigurationPlatforms) = postSolution
		{619C785A-BA6A-44CF-ACCD-65840E6F179D}.Debug|x86.ActiveCfg = Debug|x86
		{619C785A-BA6A-44CF-ACCD-65840E6F179D}.Debug|x86.Build.0 = Debug|x86
		{619C785A-BA6A-44CF-ACCD-65840E6F179D}.Release|x86.ActiveCfg = Release|x86
		{619C785A-BA6A-44CF-ACCD-65840E6F179D}.Release|x86.Build.0 = Release|x86
		{EB608CFC-792A-4692-A622-FC803BDEECC8}.Debug|x86.ActiveCfg = Debug|x86
		{EB608CFC-792A-4692-A622-FC803BDEECC8}.Release|x86.ActiveCfg = Release|x86
	EndGlobalSection
	GlobalSection(SolutionProperties) = preSolution
		HideSolutionNode = FALSE
	EndGlobalSection
EndGlobal
